
Microsoft Visual Studio Solution File, Format Version 12.00
# Visual Studio Version 17
VisualStudioVersion = 17.13.35919.96
MinimumVisualStudioVersion = 10.0.40219.1
Project("{8BC9CEB8-8B4A-11D0-8D11-00A0C91BC942}") = "Lab2.1", "Lab2.1\Lab2.1.vcxproj", "{252EF2EA-83CA-4071-868E-D57169477D49}"
EndProject
Project("{FAE04EC0-301F-11D3-BF4B-00C04F79EFBC}") = "Lab2.1C#", "Lab2.1C#\Lab2.1C#.csproj", "{B8778349-1092-4F4B-9E0C-0DE83E1E5D42}"
EndProject
Global
	GlobalSection(SolutionConfigurationPlatforms) = preSolution
		Debug|Any CPU = Debug|Any CPU
		Debug|x64 = Debug|x64
		Debug|x86 = Debug|x86
		Release|Any CPU = Release|Any CPU
		Release|x64 = Release|x64
		Release|x86 = Release|x86
	EndGlobalSection
	GlobalSection(ProjectConfigurationPlatforms) = postSolution
		{252EF2EA-83CA-4071-868E-D57169477D49}.Debug|Any CPU.ActiveCfg = Debug|x64
		{252EF2EA-83CA-4071-868E-D57169477D49}.Debug|Any CPU.Build.0 = Debug|x64
		{252EF2EA-83CA-4071-868E-D57169477D49}.Debug|x64.ActiveCfg = Debug|x64
		{252EF2EA-83CA-4071-868E-D57169477D49}.Debug|x64.Build.0 = Debug|x64
		{252EF2EA-83CA-4071-868E-D57169477D49}.Debug|x86.ActiveCfg = Debug|Win32
		{252EF2EA-83CA-4071-868E-D57169477D49}.Debug|x86.Build.0 = Debug|Win32
		{252EF2EA-83CA-4071-868E-D57169477D49}.Release|Any CPU.ActiveCfg = Release|x64
		{252EF2EA-83CA-4071-868E-D57169477D49}.Release|Any CPU.Build.0 = Release|x64
		{252EF2EA-83CA-4071-868E-D57169477D49}.Release|x64.ActiveCfg = Release|x64
		{252EF2EA-83CA-4071-868E-D57169477D49}.Release|x64.Build.0 = Release|x64
		{252EF2EA-83CA-4071-868E-D57169477D49}.Release|x86.ActiveCfg = Release|Win32
		{252EF2EA-83CA-4071-868E-D57169477D49}.Release|x86.Build.0 = Release|Win32
		{B8778349-1092-4F4B-9E0C-0DE83E1E5D42}.Debug|Any CPU.ActiveCfg = Debug|Any CPU
		{B8778349-1092-4F4B-9E0C-0DE83E1E5D42}.Debug|Any CPU.Build.0 = Debug|Any CPU
		{B8778349-1092-4F4B-9E0C-0DE83E1E5D42}.Debug|x64.ActiveCfg = Debug|Any CPU
		{B8778349-1092-4F4B-9E0C-0DE83E1E5D42}.Debug|x64.Build.0 = Debug|Any CPU
		{B8778349-1092-4F4B-9E0C-0DE83E1E5D42}.Debug|x86.ActiveCfg = Debug|Any CPU
		{B8778349-1092-4F4B-9E0C-0DE83E1E5D42}.Debug|x86.Build.0 = Debug|Any CPU
		{B8778349-1092-4F4B-9E0C-0DE83E1E5D42}.Release|Any CPU.ActiveCfg = Release|Any CPU
		{B8778349-1092-4F4B-9E0C-0DE83E1E5D42}.Release|Any CPU.Build.0 = Release|Any CPU
		{B8778349-1092-4F4B-9E0C-0DE83E1E5D42}.Release|x64.ActiveCfg = Release|Any CPU
		{B8778349-1092-4F4B-9E0C-0DE83E1E5D42}.Release|x64.Build.0 = Release|Any CPU
		{B8778349-1092-4F4B-9E0C-0DE83E1E5D42}.Release|x86.ActiveCfg = Release|Any CPU
		{B8778349-1092-4F4B-9E0C-0DE83E1E5D42}.Release|x86.Build.0 = Release|Any CPU
	EndGlobalSection
	GlobalSection(SolutionProperties) = preSolution
		HideSolutionNode = FALSE
	EndGlobalSection
	GlobalSection(ExtensibilityGlobals) = postSolution
		SolutionGuid = {B6BDC9F5-3436-414C-B1B5-E7EC04AAF069}
	EndGlobalSection
EndGlobal
